// !$*UTF8*$!
{
	archiveVersion = 1;
	classes = {
	};
	objectVersion = 56;
	objects = {

/* Begin PBXBuildFile section */
		6458D0872984000F00D4C797 /* Editor.storyboard in Resources */ = {isa = PBXBuildFile; fileRef = 6458D0862984000F00D4C797 /* Editor.storyboard */; };
		6458D0892984004600D4C797 /* EditorViewController.swift in Sources */ = {isa = PBXBuildFile; fileRef = 6458D0882984004600D4C797 /* EditorViewController.swift */; };
		6458D08B29840B4900D4C797 /* UIColor+Extra.swift in Sources */ = {isa = PBXBuildFile; fileRef = 6458D08A29840B4800D4C797 /* UIColor+Extra.swift */; };
		64F48B2E2983D0EE007C1F4F /* AppDelegate.swift in Sources */ = {isa = PBXBuildFile; fileRef = 64F48B2D2983D0EE007C1F4F /* AppDelegate.swift */; };
		64F48B302983D0EE007C1F4F /* SceneDelegate.swift in Sources */ = {isa = PBXBuildFile; fileRef = 64F48B2F2983D0EE007C1F4F /* SceneDelegate.swift */; };
		64F48B322983D0EE007C1F4F /* ViewController.swift in Sources */ = {isa = PBXBuildFile; fileRef = 64F48B312983D0EE007C1F4F /* ViewController.swift */; };
		64F48B352983D0EE007C1F4F /* Main.storyboard in Resources */ = {isa = PBXBuildFile; fileRef = 64F48B332983D0EE007C1F4F /* Main.storyboard */; };
		64F48B372983D0F0007C1F4F /* Assets.xcassets in Resources */ = {isa = PBXBuildFile; fileRef = 64F48B362983D0F0007C1F4F /* Assets.xcassets */; };
		64F48B3A2983D0F0007C1F4F /* LaunchScreen.storyboard in Resources */ = {isa = PBXBuildFile; fileRef = 64F48B382983D0F0007C1F4F /* LaunchScreen.storyboard */; };
		64F48B422983D1B2007C1F4F /* imagePicker.swift in Sources */ = {isa = PBXBuildFile; fileRef = 64F48B412983D1B2007C1F4F /* imagePicker.swift */; };
/* End PBXBuildFile section */

/* Begin PBXFileReference section */
		6458D0862984000F00D4C797 /* Editor.storyboard */ = {isa = PBXFileReference; lastKnownFileType = file.storyboard; path = Editor.storyboard; sourceTree = "<group>"; };
		6458D0882984004600D4C797 /* EditorViewController.swift */ = {isa = PBXFileReference; lastKnownFileType = sourcecode.swift; path = EditorViewController.swift; sourceTree = "<group>"; };
		6458D08A29840B4800D4C797 /* UIColor+Extra.swift */ = {isa = PBXFileReference; lastKnownFileType = sourcecode.swift; path = "UIColor+Extra.swift"; sourceTree = "<group>"; };
		64F48B2A2983D0EE007C1F4F /* Photo Editor.app */ = {isa = PBXFileReference; explicitFileType = wrapper.application; includeInIndex = 0; path = "Photo Editor.app"; sourceTree = BUILT_PRODUCTS_DIR; };
		64F48B2D2983D0EE007C1F4F /* AppDelegate.swift */ = {isa = PBXFileReference; lastKnownFileType = sourcecode.swift; path = AppDelegate.swift; sourceTree = "<group>"; };
		64F48B2F2983D0EE007C1F4F /* SceneDelegate.swift */ = {isa = PBXFileReference; lastKnownFileType = sourcecode.swift; path = SceneDelegate.swift; sourceTree = "<group>"; };
		64F48B312983D0EE007C1F4F /* ViewController.swift */ = {isa = PBXFileReference; lastKnownFileType = sourcecode.swift; path = ViewController.swift; sourceTree = "<group>"; };
		64F48B342983D0EE007C1F4F /* Base */ = {isa = PBXFileReference; lastKnownFileType = file.storyboard; name = Base; path = Base.lproj/Main.storyboard; sourceTree = "<group>"; };
		64F48B362983D0F0007C1F4F /* Assets.xcassets */ = {isa = PBXFileReference; lastKnownFileType = folder.assetcatalog; path = Assets.xcassets; sourceTree = "<group>"; };
		64F48B392983D0F0007C1F4F /* Base */ = {isa = PBXFileReference; lastKnownFileType = file.storyboard; name = Base; path = Base.lproj/LaunchScreen.storyboard; sourceTree = "<group>"; };
		64F48B3B2983D0F0007C1F4F /* Info.plist */ = {isa = PBXFileReference; lastKnownFileType = text.plist.xml; path = Info.plist; sourceTree = "<group>"; };
		64F48B412983D1B2007C1F4F /* imagePicker.swift */ = {isa = PBXFileReference; lastKnownFileType = sourcecode.swift; path = imagePicker.swift; sourceTree = "<group>"; };
/* End PBXFileReference section */

/* Begin PBXFrameworksBuildPhase section */
		64F48B272983D0EE007C1F4F /* Frameworks */ = {
			isa = PBXFrameworksBuildPhase;
			buildActionMask = 2147483647;
			files = (
			);
			runOnlyForDeploymentPostprocessing = 0;
		};
/* End PBXFrameworksBuildPhase section */

/* Begin PBXGroup section */
		6458D0852983FFED00D4C797 /* Editor */ = {
			isa = PBXGroup;
			children = (
				6458D0862984000F00D4C797 /* Editor.storyboard */,
				6458D0882984004600D4C797 /* EditorViewController.swift */,
			);
			path = Editor;
			sourceTree = "<group>";
		};
		64F48B212983D0EE007C1F4F = {
			isa = PBXGroup;
			children = (
				64F48B2C2983D0EE007C1F4F /* VSCO */,
				64F48B2B2983D0EE007C1F4F /* Products */,
			);
			sourceTree = "<group>";
		};
		64F48B2B2983D0EE007C1F4F /* Products */ = {
			isa = PBXGroup;
			children = (
				64F48B2A2983D0EE007C1F4F /* Photo Editor.app */,
			);
			name = Products;
			sourceTree = "<group>";
		};
		64F48B2C2983D0EE007C1F4F /* VSCO */ = {
			isa = PBXGroup;
			children = (
				6458D08A29840B4800D4C797 /* UIColor+Extra.swift */,
				6458D0852983FFED00D4C797 /* Editor */,
				64F48B2D2983D0EE007C1F4F /* AppDelegate.swift */,
				64F48B2F2983D0EE007C1F4F /* SceneDelegate.swift */,
				64F48B312983D0EE007C1F4F /* ViewController.swift */,
				64F48B332983D0EE007C1F4F /* Main.storyboard */,
				64F48B362983D0F0007C1F4F /* Assets.xcassets */,
				64F48B382983D0F0007C1F4F /* LaunchScreen.storyboard */,
				64F48B3B2983D0F0007C1F4F /* Info.plist */,
				64F48B412983D1B2007C1F4F /* imagePicker.swift */,
			);
			path = VSCO;
			sourceTree = "<group>";
		};
/* End PBXGroup section */

/* Begin PBXNativeTarget section */
		64F48B292983D0EE007C1F4F /* Photo Editor */ = {
			isa = PBXNativeTarget;
			buildConfigurationList = 64F48B3E2983D0F0007C1F4F /* Build configuration list for PBXNativeTarget "Photo Editor" */;
			buildPhases = (
				64F48B262983D0EE007C1F4F /* Sources */,
				64F48B272983D0EE007C1F4F /* Frameworks */,
				64F48B282983D0EE007C1F4F /* Resources */,
			);
			buildRules = (
			);
			dependencies = (
			);
			name = "Photo Editor";
			productName = VSCO;
			productReference = 64F48B2A2983D0EE007C1F4F /* Photo Editor.app */;
			productType = "com.apple.product-type.application";
		};
/* End PBXNativeTarget section */

/* Begin PBXProject section */
		64F48B222983D0EE007C1F4F /* Project object */ = {
			isa = PBXProject;
			attributes = {
				BuildIndependentTargetsInParallel = 1;
				LastSwiftUpdateCheck = 1400;
				LastUpgradeCheck = 1400;
				TargetAttributes = {
					64F48B292983D0EE007C1F4F = {
						CreatedOnToolsVersion = 14.0;
					};
				};
			};
			buildConfigurationList = 64F48B252983D0EE007C1F4F /* Build configuration list for PBXProject "Photo Editor" */;
			compatibilityVersion = "Xcode 14.0";
			developmentRegion = en;
			hasScannedForEncodings = 0;
			knownRegions = (
				en,
				Base,
			);
			mainGroup = 64F48B212983D0EE007C1F4F;
			productRefGroup = 64F48B2B2983D0EE007C1F4F /* Products */;
			projectDirPath = "";
			projectRoot = "";
			targets = (
				64F48B292983D0EE007C1F4F /* Photo Editor */,
			);
		};
/* End PBXProject section */

/* Begin PBXResourcesBuildPhase section */
		64F48B282983D0EE007C1F4F /* Resources */ = {
			isa = PBXResourcesBuildPhase;
			buildActionMask = 2147483647;
			files = (
				64F48B3A2983D0F0007C1F4F /* LaunchScreen.storyboard in Resources */,
				64F48B372983D0F0007C1F4F /* Assets.xcassets in Resources */,
				64F48B352983D0EE007C1F4F /* Main.storyboard in Resources */,
				6458D0872984000F00D4C797 /* Editor.storyboard in Resources */,
			);
			runOnlyForDeploymentPostprocessing = 0;
		};
/* End PBXResourcesBuildPhase section */

/* Begin PBXSourcesBuildPhase section */
		64F48B262983D0EE007C1F4F /* Sources */ = {
			isa = PBXSourcesBuildPhase;
			buildActionMask = 2147483647;
			files = (
				64F48B322983D0EE007C1F4F /* ViewController.swift in Sources */,
				64F48B422983D1B2007C1F4F /* imagePicker.swift in Sources */,
				64F48B2E2983D0EE007C1F4F /* AppDelegate.swift in Sources */,
				6458D0892984004600D4C797 /* EditorViewController.swift in Sources */,
				6458D08B29840B4900D4C797 /* UIColor+Extra.swift in Sources */,
				64F48B302983D0EE007C1F4F /* SceneDelegate.swift in Sources */,
			);
			runOnlyForDeploymentPostprocessing = 0;
		};
/* End PBXSourcesBuildPhase section */

/* Begin PBXVariantGroup section */
		64F48B332983D0EE007C1F4F /* Main.storyboard */ = {
			isa = PBXVariantGroup;
			children = (
				64F48B342983D0EE007C1F4F /* Base */,
			);
			name = Main.storyboard;
			sourceTree = "<group>";
		};
		64F48B382983D0F0007C1F4F /* LaunchScreen.storyboard */ = {
			isa = PBXVariantGroup;
			children = (
				64F48B392983D0F0007C1F4F /* Base */,
			);
			name = LaunchScreen.storyboard;
			sourceTree = "<group>";
		};
/* End PBXVariantGroup section */

/* Begin XCBuildConfiguration section */
		64F48B3C2983D0F0007C1F4F /* Debug */ = {
			isa = XCBuildConfiguration;
			buildSettings = {
				ALWAYS_SEARCH_USER_PATHS = NO;
				CLANG_ANALYZER_NONNULL = YES;
				CLANG_ANALYZER_NUMBER_OBJECT_CONVERSION = YES_AGGRESSIVE;
				CLANG_CXX_LANGUAGE_STANDARD = "gnu++20";
				CLANG_ENABLE_MODULES = YES;
				CLANG_ENABLE_OBJC_ARC = YES;
				CLANG_ENABLE_OBJC_WEAK = YES;
				CLANG_WARN_BLOCK_CAPTURE_AUTORELEASING = YES;
				CLANG_WARN_BOOL_CONVERSION = YES;
				CLANG_WARN_COMMA = YES;
				CLANG_WARN_CONSTANT_CONVERSION = YES;
				CLANG_WARN_DEPRECATED_OBJC_IMPLEMENTATIONS = YES;
				CLANG_WARN_DIRECT_OBJC_ISA_USAGE = YES_ERROR;
				CLANG_WARN_DOCUMENTATION_COMMENTS = YES;
				CLANG_WARN_EMPTY_BODY = YES;
				CLANG_WARN_ENUM_CONVERSION = YES;
				CLANG_WARN_INFINITE_RECURSION = YES;
				CLANG_WARN_INT_CONVERSION = YES;
				CLANG_WARN_NON_LITERAL_NULL_CONVERSION = YES;
				CLANG_WARN_OBJC_IMPLICIT_RETAIN_SELF = YES;
				CLANG_WARN_OBJC_LITERAL_CONVERSION = YES;
				CLANG_WARN_OBJC_ROOT_CLASS = YES_ERROR;
				CLANG_WARN_QUOTED_INCLUDE_IN_FRAMEWORK_HEADER = YES;
				CLANG_WARN_RANGE_LOOP_ANALYSIS = YES;
				CLANG_WARN_STRICT_PROTOTYPES = YES;
				CLANG_WARN_SUSPICIOUS_MOVE = YES;
				CLANG_WARN_UNGUARDED_AVAILABILITY = YES_AGGRESSIVE;
				CLANG_WARN_UNREACHABLE_CODE = YES;
				CLANG_WARN__DUPLICATE_METHOD_MATCH = YES;
				COPY_PHASE_STRIP = NO;
				DEBUG_INFORMATION_FORMAT = dwarf;
				ENABLE_STRICT_OBJC_MSGSEND = YES;
				ENABLE_TESTABILITY = YES;
				GCC_C_LANGUAGE_STANDARD = gnu11;
				GCC_DYNAMIC_NO_PIC = NO;
				GCC_NO_COMMON_BLOCKS = YES;
				GCC_OPTIMIZATION_LEVEL = 0;
				GCC_PREPROCESSOR_DEFINITIONS = (
					"DEBUG=1",
					"$(inherited)",
				);
				GCC_WARN_64_TO_32_BIT_CONVERSION = YES;
				GCC_WARN_ABOUT_RETURN_TYPE = YES_ERROR;
				GCC_WARN_UNDECLARED_SELECTOR = YES;
				GCC_WARN_UNINITIALIZED_AUTOS = YES_AGGRESSIVE;
				GCC_WARN_UNUSED_FUNCTION = YES;
				GCC_WARN_UNUSED_VARIABLE = YES;
				IPHONEOS_DEPLOYMENT_TARGET = 16.0;
				MTL_ENABLE_DEBUG_INFO = INCLUDE_SOURCE;
				MTL_FAST_MATH = YES;
				ONLY_ACTIVE_ARCH = YES;
				SDKROOT = iphoneos;
				SWIFT_ACTIVE_COMPILATION_CONDITIONS = DEBUG;
				SWIFT_OPTIMIZATION_LEVEL = "-Onone";
			};
			name = Debug;
		};
		64F48B3D2983D0F0007C1F4F /* Release */ = {
			isa = XCBuildConfiguration;
			buildSettings = {
				ALWAYS_SEARCH_USER_PATHS = NO;
				CLANG_ANALYZER_NONNULL = YES;
				CLANG_ANALYZER_NUMBER_OBJECT_CONVERSION = YES_AGGRESSIVE;
				CLANG_CXX_LANGUAGE_STANDARD = "gnu++20";
				CLANG_ENABLE_MODULES = YES;
				CLANG_ENABLE_OBJC_ARC = YES;
				CLANG_ENABLE_OBJC_WEAK = YES;
				CLANG_WARN_BLOCK_CAPTURE_AUTORELEASING = YES;
				CLANG_WARN_BOOL_CONVERSION = YES;
				CLANG_WARN_COMMA = YES;
				CLANG_WARN_CONSTANT_CONVERSION = YES;
				CLANG_WARN_DEPRECATED_OBJC_IMPLEMENTATIONS = YES;
				CLANG_WARN_DIRECT_OBJC_ISA_USAGE = YES_ERROR;
				CLANG_WARN_DOCUMENTATION_COMMENTS = YES;
				CLANG_WARN_EMPTY_BODY = YES;
				CLANG_WARN_ENUM_CONVERSION = YES;
				CLANG_WARN_INFINITE_RECURSION = YES;
				CLANG_WARN_INT_CONVERSION = YES;
				CLANG_WARN_NON_LITERAL_NULL_CONVERSION = YES;
				CLANG_WARN_OBJC_IMPLICIT_RETAIN_SELF = YES;
				CLANG_WARN_OBJC_LITERAL_CONVERSION = YES;
				CLANG_WARN_OBJC_ROOT_CLASS = YES_ERROR;
				CLANG_WARN_QUOTED_INCLUDE_IN_FRAMEWORK_HEADER = YES;
				CLANG_WARN_RANGE_LOOP_ANALYSIS = YES;
				CLANG_WARN_STRICT_PROTOTYPES = YES;
				CLANG_WARN_SUSPICIOUS_MOVE = YES;
				CLANG_WARN_UNGUARDED_AVAILABILITY = YES_AGGRESSIVE;
				CLANG_WARN_UNREACHABLE_CODE = YES;
				CLANG_WARN__DUPLICATE_METHOD_MATCH = YES;
				COPY_PHASE_STRIP = NO;
				DEBUG_INFORMATION_FORMAT = "dwarf-with-dsym";
				ENABLE_NS_ASSERTIONS = NO;
				ENABLE_STRICT_OBJC_MSGSEND = YES;
				GCC_C_LANGUAGE_STANDARD = gnu11;
				GCC_NO_COMMON_BLOCKS = YES;
				GCC_WARN_64_TO_32_BIT_CONVERSION = YES;
				GCC_WARN_ABOUT_RETURN_TYPE = YES_ERROR;
				GCC_WARN_UNDECLARED_SELECTOR = YES;
				GCC_WARN_UNINITIALIZED_AUTOS = YES_AGGRESSIVE;
				GCC_WARN_UNUSED_FUNCTION = YES;
				GCC_WARN_UNUSED_VARIABLE = YES;
				IPHONEOS_DEPLOYMENT_TARGET = 16.0;
				MTL_ENABLE_DEBUG_INFO = NO;
				MTL_FAST_MATH = YES;
				SDKROOT = iphoneos;
				SWIFT_COMPILATION_MODE = wholemodule;
				SWIFT_OPTIMIZATION_LEVEL = "-O";
				VALIDATE_PRODUCT = YES;
			};
			name = Release;
		};
		64F48B3F2983D0F0007C1F4F /* Debug */ = {
			isa = XCBuildConfiguration;
			buildSettings = {
				ASSETCATALOG_COMPILER_APPICON_NAME = AppIcon;
				ASSETCATALOG_COMPILER_GLOBAL_ACCENT_COLOR_NAME = AccentColor;
				CODE_SIGN_STYLE = Automatic;
				CURRENT_PROJECT_VERSION = 1;
				GENERATE_INFOPLIST_FILE = YES;
				INFOPLIST_FILE = VSCO/Info.plist;
				INFOPLIST_KEY_UIApplicationSupportsIndirectInputEvents = YES;
				INFOPLIST_KEY_UILaunchStoryboardName = LaunchScreen;
				INFOPLIST_KEY_UIMainStoryboardFile = Main;
				INFOPLIST_KEY_UISupportedInterfaceOrientations_iPad = "UIInterfaceOrientationPortrait UIInterfaceOrientationPortraitUpsideDown UIInterfaceOrientationLandscapeLeft UIInterfaceOrientationLandscapeRight";
				INFOPLIST_KEY_UISupportedInterfaceOrientations_iPhone = "UIInterfaceOrientationPortrait UIInterfaceOrientationLandscapeLeft UIInterfaceOrientationLandscapeRight";
				LD_RUNPATH_SEARCH_PATHS = (
					"$(inherited)",
					"@executable_path/Frameworks",
				);
				MARKETING_VERSION = 1.0;
				PRODUCT_BUNDLE_IDENTIFIER = com.FeliksM.VSCO;
				PRODUCT_NAME = "$(TARGET_NAME)";
				SWIFT_EMIT_LOC_STRINGS = YES;
				SWIFT_VERSION = 5.0;
				TARGETED_DEVICE_FAMILY = "1,2";
			};
			name = Debug;
		};
		64F48B402983D0F0007C1F4F /* Release */ = {
			isa = XCBuildConfiguration;
			buildSettings = {
				ASSETCATALOG_COMPILER_APPICON_NAME = AppIcon;
				ASSETCATALOG_COMPILER_GLOBAL_ACCENT_COLOR_NAME = AccentColor;
				CODE_SIGN_STYLE = Automatic;
				CURRENT_PROJECT_VERSION = 1;
				GENERATE_INFOPLIST_FILE = YES;
				INFOPLIST_FILE = VSCO/Info.plist;
				INFOPLIST_KEY_UIApplicationSupportsIndirectInputEvents = YES;
				INFOPLIST_KEY_UILaunchStoryboardName = LaunchScreen;
				INFOPLIST_KEY_UIMainStoryboardFile = Main;
				INFOPLIST_KEY_UISupportedInterfaceOrientations_iPad = "UIInterfaceOrientationPortrait UIInterfaceOrientationPortraitUpsideDown UIInterfaceOrientationLandscapeLeft UIInterfaceOrientationLandscapeRight";
				INFOPLIST_KEY_UISupportedInterfaceOrientations_iPhone = "UIInterfaceOrientationPortrait UIInterfaceOrientationLandscapeLeft UIInterfaceOrientationLandscapeRight";
				LD_RUNPATH_SEARCH_PATHS = (
					"$(inherited)",
					"@executable_path/Frameworks",
				);
				MARKETING_VERSION = 1.0;
				PRODUCT_BUNDLE_IDENTIFIER = com.FeliksM.VSCO;
				PRODUCT_NAME = "$(TARGET_NAME)";
				SWIFT_EMIT_LOC_STRINGS = YES;
				SWIFT_VERSION = 5.0;
				TARGETED_DEVICE_FAMILY = "1,2";
			};
			name = Release;
		};
/* End XCBuildConfiguration section */

/* Begin XCConfigurationList section */
		64F48B252983D0EE007C1F4F /* Build configuration list for PBXProject "Photo Editor" */ = {
			isa = XCConfigurationList;
			buildConfigurations = (
				64F48B3C2983D0F0007C1F4F /* Debug */,
				64F48B3D2983D0F0007C1F4F /* Release */,
			);
			defaultConfigurationIsVisible = 0;
			defaultConfigurationName = Release;
		};
		64F48B3E2983D0F0007C1F4F /* Build configuration list for PBXNativeTarget "Photo Editor" */ = {
			isa = XCConfigurationList;
			buildConfigurations = (
				64F48B3F2983D0F0007C1F4F /* Debug */,
				64F48B402983D0F0007C1F4F /* Release */,
			);
			defaultConfigurationIsVisible = 0;
			defaultConfigurationName = Release;
		};
/* End XCConfigurationList section */
	};
	rootObject = 64F48B222983D0EE007C1F4F /* Project object */;
}
